
Microsoft Visual Studio Solution File, Format Version 12.00
# Visual Studio Version 17
VisualStudioVersion = 17.7.34031.279
MinimumVisualStudioVersion = 10.0.40219.1
Project("{FAE04EC0-301F-11D3-BF4B-00C04F79EFBC}") = "TCP_UDP_HMW", "TCP_UDP_HMW\TCP_UDP_HMW.csproj", "{D130C065-8325-456A-ACD0-E8E238732DF6}"
EndProject
Project("{FAE04EC0-301F-11D3-BF4B-00C04F79EFBC}") = "Server", "Server\Server.csproj", "{B4E419B5-113F-428D-82B5-35F089E21909}"
EndProject
Project("{FAE04EC0-301F-11D3-BF4B-00C04F79EFBC}") = "ClientTcp", "ClientTcp\ClientTcp.csproj", "{92A65E38-C29A-48D8-B073-E363BE86A54A}"
EndProject
Project("{FAE04EC0-301F-11D3-BF4B-00C04F79EFBC}") = "RCP_Game", "RCP_Game\RCP_Game.csproj", "{787859E5-EECD-4494-AD3F-1D9E01C193B3}"
EndProject
Global
	GlobalSection(SolutionConfigurationPlatforms) = preSolution
		Debug|Any CPU = Debug|Any CPU
		Release|Any CPU = Release|Any CPU
	EndGlobalSection
	GlobalSection(ProjectConfigurationPlatforms) = postSolution
		{D130C065-8325-456A-ACD0-E8E238732DF6}.Debug|Any CPU.ActiveCfg = Debug|Any CPU
		{D130C065-8325-456A-ACD0-E8E238732DF6}.Debug|Any CPU.Build.0 = Debug|Any CPU
		{D130C065-8325-456A-ACD0-E8E238732DF6}.Release|Any CPU.ActiveCfg = Release|Any CPU
		{D130C065-8325-456A-ACD0-E8E238732DF6}.Release|Any CPU.Build.0 = Release|Any CPU
		{B4E419B5-113F-428D-82B5-35F089E21909}.Debug|Any CPU.ActiveCfg = Debug|Any CPU
		{B4E419B5-113F-428D-82B5-35F089E21909}.Debug|Any CPU.Build.0 = Debug|Any CPU
		{B4E419B5-113F-428D-82B5-35F089E21909}.Release|Any CPU.ActiveCfg = Release|Any CPU
		{B4E419B5-113F-428D-82B5-35F089E21909}.Release|Any CPU.Build.0 = Release|Any CPU
		{92A65E38-C29A-48D8-B073-E363BE86A54A}.Debug|Any CPU.ActiveCfg = Debug|Any CPU
		{92A65E38-C29A-48D8-B073-E363BE86A54A}.Debug|Any CPU.Build.0 = Debug|Any CPU
		{92A65E38-C29A-48D8-B073-E363BE86A54A}.Release|Any CPU.ActiveCfg = Release|Any CPU
		{92A65E38-C29A-48D8-B073-E363BE86A54A}.Release|Any CPU.Build.0 = Release|Any CPU
		{787859E5-EECD-4494-AD3F-1D9E01C193B3}.Debug|Any CPU.ActiveCfg = Debug|Any CPU
		{787859E5-EECD-4494-AD3F-1D9E01C193B3}.Debug|Any CPU.Build.0 = Debug|Any CPU
		{787859E5-EECD-4494-AD3F-1D9E01C193B3}.Release|Any CPU.ActiveCfg = Release|Any CPU
		{787859E5-EECD-4494-AD3F-1D9E01C193B3}.Release|Any CPU.Build.0 = Release|Any CPU
	EndGlobalSection
	GlobalSection(SolutionProperties) = preSolution
		HideSolutionNode = FALSE
	EndGlobalSection
	GlobalSection(ExtensibilityGlobals) = postSolution
		SolutionGuid = {4A8F3CD3-3B6B-43D3-8E46-A45DBFDFD29B}
	EndGlobalSection
EndGlobal
